# This file is generated by running "yarn install" inside your project.
# Manual changes might be lost - proceed with caution!

__metadata:
  version: 8
  cacheKey: 10c0

"http@npm:^0.0.1-security":
  version: 0.0.1-security
  resolution: "http@npm:0.0.1-security"
  checksum: c0354c2afb6027a80756a30b1fb06607608c0408d100a5e3610d762dd1a320cb2611b0c3cf5ccb969b80f839e2735237ecc9897841e936d098161c38ee153ee5
  languageName: node
  linkType: hard

"main@workspace:.":
  version: 0.0.0-use.local
  resolution: "main@workspace:."
  dependencies:
    http: "npm:^0.0.1-security"
    xmlhttprequest: "npm:^1.8.0"
  languageName: unknown
  linkType: soft

"xmlhttprequest@npm:^1.8.0":
  version: 1.8.0
  resolution: "xmlhttprequest@npm:1.8.0"
  checksum: c890661562e4cb6c36a126071e956047164296f58b0058ab28a9c9f1c3b46a65bf421a242d3449363a2aadc3d9769146160b10a501710d476a17d77d41a5c99e
  languageName: node
  linkType: hard
